
Microsoft Visual Studio Solution File, Format Version 12.00
Project("{FAE04EC0-301F-11D3-BF4B-00C04F79EFBC}") = "SketchToVoice", "SketchToVoice\SketchToVoice.csproj", "{F14984D9-06D5-433F-BB85-ED3C376DFAE2}"
EndProject
Global
	GlobalSection(SolutionConfigurationPlatforms) = preSolution
		Debug|Any CPU = Debug|Any CPU
		Release|Any CPU = Release|Any CPU
	EndGlobalSection
	GlobalSection(ProjectConfigurationPlatforms) = postSolution
		{F14984D9-06D5-433F-BB85-ED3C376DFAE2}.Debug|Any CPU.ActiveCfg = Debug|Any CPU
		{F14984D9-06D5-433F-BB85-ED3C376DFAE2}.Debug|Any CPU.Build.0 = Debug|Any CPU
		{F14984D9-06D5-433F-BB85-ED3C376DFAE2}.Release|Any CPU.ActiveCfg = Release|Any CPU
		{F14984D9-06D5-433F-BB85-ED3C376DFAE2}.Release|Any CPU.Build.0 = Release|Any CPU
	EndGlobalSection
EndGlobal
